
Microsoft Visual Studio Solution File, Format Version 12.00
# Visual Studio 14
VisualStudioVersion = 14.0.25420.1
MinimumVisualStudioVersion = 10.0.40219.1
Project("{FAE04EC0-301F-11D3-BF4B-00C04F79EFBC}") = "AspNet Generic Pattern", "AspNet Generic Pattern\AspNet Generic Pattern.csproj", "{8280C6CA-1B8F-4CA3-A826-BFC6A83B90FB}"
EndProject
Project("{2150E333-8FDC-42A3-9474-1A3956D46DE8}") = "API", "API", "{F725B057-F821-40C6-B771-A9149D873EEF}"
EndProject
Project("{2150E333-8FDC-42A3-9474-1A3956D46DE8}") = "Repository", "Repository", "{5CB26847-BA83-4604-8702-4701811F4B70}"
EndProject
Project("{FAE04EC0-301F-11D3-BF4B-00C04F79EFBC}") = "Repository", "Repository\Repository.csproj", "{A104C235-0D8B-406F-B1DA-B10F2671E864}"
EndProject
Project("{FAE04EC0-301F-11D3-BF4B-00C04F79EFBC}") = "Repository.EF", "Repository.EF\Repository.EF.csproj", "{EC330331-D804-4056-8CA8-428D3E17803F}"
EndProject
Project("{2150E333-8FDC-42A3-9474-1A3956D46DE8}") = "Logging", "Logging", "{94056E5D-7492-47AB-BB4D-1DDAA9F36D8F}"
EndProject
Project("{FAE04EC0-301F-11D3-BF4B-00C04F79EFBC}") = "Logging", "Logging\Logging.csproj", "{357F438D-A147-40DC-A94A-FCA6BE0BC415}"
EndProject
Project("{FAE04EC0-301F-11D3-BF4B-00C04F79EFBC}") = "Logging.Log4Net", "Logging.Log4Net\Logging.Log4Net.csproj", "{92C74453-8ED0-411A-81E4-E364611EA5DD}"
EndProject
Project("{2150E333-8FDC-42A3-9474-1A3956D46DE8}") = "Service", "Service", "{09241A06-2EDF-4E71-BF5D-498223352534}"
EndProject
Project("{FAE04EC0-301F-11D3-BF4B-00C04F79EFBC}") = "Entities", "Entities\Entities.csproj", "{E770049E-C678-4A58-927C-8609F474C279}"
EndProject
Global
	GlobalSection(SolutionConfigurationPlatforms) = preSolution
		Debug|Any CPU = Debug|Any CPU
		Release|Any CPU = Release|Any CPU
	EndGlobalSection
	GlobalSection(ProjectConfigurationPlatforms) = postSolution
		{8280C6CA-1B8F-4CA3-A826-BFC6A83B90FB}.Debug|Any CPU.ActiveCfg = Debug|Any CPU
		{8280C6CA-1B8F-4CA3-A826-BFC6A83B90FB}.Debug|Any CPU.Build.0 = Debug|Any CPU
		{8280C6CA-1B8F-4CA3-A826-BFC6A83B90FB}.Release|Any CPU.ActiveCfg = Release|Any CPU
		{8280C6CA-1B8F-4CA3-A826-BFC6A83B90FB}.Release|Any CPU.Build.0 = Release|Any CPU
		{A104C235-0D8B-406F-B1DA-B10F2671E864}.Debug|Any CPU.ActiveCfg = Debug|Any CPU
		{A104C235-0D8B-406F-B1DA-B10F2671E864}.Debug|Any CPU.Build.0 = Debug|Any CPU
		{A104C235-0D8B-406F-B1DA-B10F2671E864}.Release|Any CPU.ActiveCfg = Release|Any CPU
		{A104C235-0D8B-406F-B1DA-B10F2671E864}.Release|Any CPU.Build.0 = Release|Any CPU
		{EC330331-D804-4056-8CA8-428D3E17803F}.Debug|Any CPU.ActiveCfg = Debug|Any CPU
		{EC330331-D804-4056-8CA8-428D3E17803F}.Debug|Any CPU.Build.0 = Debug|Any CPU
		{EC330331-D804-4056-8CA8-428D3E17803F}.Release|Any CPU.ActiveCfg = Release|Any CPU
		{EC330331-D804-4056-8CA8-428D3E17803F}.Release|Any CPU.Build.0 = Release|Any CPU
		{357F438D-A147-40DC-A94A-FCA6BE0BC415}.Debug|Any CPU.ActiveCfg = Debug|Any CPU
		{357F438D-A147-40DC-A94A-FCA6BE0BC415}.Debug|Any CPU.Build.0 = Debug|Any CPU
		{357F438D-A147-40DC-A94A-FCA6BE0BC415}.Release|Any CPU.ActiveCfg = Release|Any CPU
		{357F438D-A147-40DC-A94A-FCA6BE0BC415}.Release|Any CPU.Build.0 = Release|Any CPU
		{92C74453-8ED0-411A-81E4-E364611EA5DD}.Debug|Any CPU.ActiveCfg = Debug|Any CPU
		{92C74453-8ED0-411A-81E4-E364611EA5DD}.Debug|Any CPU.Build.0 = Debug|Any CPU
		{92C74453-8ED0-411A-81E4-E364611EA5DD}.Release|Any CPU.ActiveCfg = Release|Any CPU
		{92C74453-8ED0-411A-81E4-E364611EA5DD}.Release|Any CPU.Build.0 = Release|Any CPU
		{E770049E-C678-4A58-927C-8609F474C279}.Debug|Any CPU.ActiveCfg = Debug|Any CPU
		{E770049E-C678-4A58-927C-8609F474C279}.Debug|Any CPU.Build.0 = Debug|Any CPU
		{E770049E-C678-4A58-927C-8609F474C279}.Release|Any CPU.ActiveCfg = Release|Any CPU
		{E770049E-C678-4A58-927C-8609F474C279}.Release|Any CPU.Build.0 = Release|Any CPU
	EndGlobalSection
	GlobalSection(SolutionProperties) = preSolution
		HideSolutionNode = FALSE
	EndGlobalSection
	GlobalSection(NestedProjects) = preSolution
		{8280C6CA-1B8F-4CA3-A826-BFC6A83B90FB} = {F725B057-F821-40C6-B771-A9149D873EEF}
		{A104C235-0D8B-406F-B1DA-B10F2671E864} = {5CB26847-BA83-4604-8702-4701811F4B70}
		{EC330331-D804-4056-8CA8-428D3E17803F} = {5CB26847-BA83-4604-8702-4701811F4B70}
		{357F438D-A147-40DC-A94A-FCA6BE0BC415} = {94056E5D-7492-47AB-BB4D-1DDAA9F36D8F}
		{92C74453-8ED0-411A-81E4-E364611EA5DD} = {94056E5D-7492-47AB-BB4D-1DDAA9F36D8F}
		{E770049E-C678-4A58-927C-8609F474C279} = {09241A06-2EDF-4E71-BF5D-498223352534}
	EndGlobalSection
EndGlobal
